<?xml version="1.0" encoding="utf-8"?>
<Project ToolsVersion="4.0" xmlns="http://schemas.microsoft.com/developer/msbuild/2003">
  <ItemGroup>
    <Filter Include="Source Files">
      <UniqueIdentifier>{4FC737F1-C7A5-4376-A066-2A32D752A2FF}</UniqueIdentifier>
      <Extensions>cpp;c;cc;cxx;def;odl;idl;hpj;bat;asm;asmx</Extensions>
    </Filter>
    <Filter Include="Header Files">
      <UniqueIdentifier>{93995380-89BD-4b04-88EB-625FBE52EBFB}</UniqueIdentifier>
      <Extensions>h;hh;hpp;hxx;hm;inl;inc;xsd</Extensions>
    </Filter>
    <Filter Include="Resource Files">
      <UniqueIdentifier>{67DA6AB6-F800-4c08-8B7A-83BB121AAD01}</UniqueIdentifier>
      <Extensions>rc;ico;cur;bmp;dlg;rc2;rct;bin;rgs;gif;jpg;jpeg;jpe;resx;tiff;tif;png;wav;mfcribbon-ms</Extensions>
    </Filter>
    <Filter Include="Header Files\GameEngine">
      <UniqueIdentifier>{a5d55850-4b7d-4a01-bed1-6b23c04592c4}</UniqueIdentifier>
    </Filter>
    <Filter Include="Source Files\GameEngine">
      <UniqueIdentifier>{642cd15d-bdb0-4b8d-8244-40a65e5b2412}</UniqueIdentifier>
    </Filter>
    <Filter Include="Source Files\SDK">
      <UniqueIdentifier>{146f3a34-651b-4684-99b6-7b8d4fed2e65}</UniqueIdentifier>
    </Filter>
    <Filter Include="Source Files\SDK\spine">
      <UniqueIdentifier>{bbd5e49a-763b-4974-86ee-3afa5b255e71}</UniqueIdentifier>
    </Filter>
    <Filter Include="Source Files\SDK\spine\sfml">
      <UniqueIdentifier>{1ed0f7eb-7485-4440-b621-6272f01f583d}</UniqueIdentifier>
    </Filter>
  </ItemGroup>
  <ItemGroup>
    <ClInclude Include="Header\GESpineSprite.h">
      <Filter>Header Files\GameEngine</Filter>
    </ClInclude>
  </ItemGroup>
  <ItemGroup>
    <ClCompile Include="src\SDK\spine\Animation.c">
      <Filter>Source Files\SDK\spine</Filter>
    </ClCompile>
    <ClCompile Include="src\SDK\spine\AnimationState.c">
      <Filter>Source Files\SDK\spine</Filter>
    </ClCompile>
    <ClCompile Include="src\SDK\spine\AnimationStateData.c">
      <Filter>Source Files\SDK\spine</Filter>
    </ClCompile>
    <ClCompile Include="src\SDK\spine\Atlas.c">
      <Filter>Source Files\SDK\spine</Filter>
    </ClCompile>
    <ClCompile Include="src\SDK\spine\AtlasAttachmentLoader.c">
      <Filter>Source Files\SDK\spine</Filter>
    </ClCompile>
    <ClCompile Include="src\SDK\spine\Attachment.c">
      <Filter>Source Files\SDK\spine</Filter>
    </ClCompile>
    <ClCompile Include="src\SDK\spine\AttachmentLoader.c">
      <Filter>Source Files\SDK\spine</Filter>
    </ClCompile>
    <ClCompile Include="src\SDK\spine\Bone.c">
      <Filter>Source Files\SDK\spine</Filter>
    </ClCompile>
    <ClCompile Include="src\SDK\spine\BoneData.c">
      <Filter>Source Files\SDK\spine</Filter>
    </ClCompile>
    <ClCompile Include="src\SDK\spine\BoundingBoxAttachment.c">
      <Filter>Source Files\SDK\spine</Filter>
    </ClCompile>
    <ClCompile Include="src\SDK\spine\Event.c">
      <Filter>Source Files\SDK\spine</Filter>
    </ClCompile>
    <ClCompile Include="src\SDK\spine\EventData.c">
      <Filter>Source Files\SDK\spine</Filter>
    </ClCompile>
    <ClCompile Include="src\SDK\spine\extension.c">
      <Filter>Source Files\SDK\spine</Filter>
    </ClCompile>
    <ClCompile Include="src\SDK\spine\Json.c">
      <Filter>Source Files\SDK\spine</Filter>
    </ClCompile>
    <ClCompile Include="src\SDK\spine\MeshAttachment.c">
      <Filter>Source Files\SDK\spine</Filter>
    </ClCompile>
    <ClCompile Include="src\SDK\spine\RegionAttachment.c">
      <Filter>Source Files\SDK\spine</Filter>
    </ClCompile>
    <ClCompile Include="src\SDK\spine\Skeleton.c">
      <Filter>Source Files\SDK\spine</Filter>
    </ClCompile>
    <ClCompile Include="src\SDK\spine\SkeletonBounds.c">
      <Filter>Source Files\SDK\spine</Filter>
    </ClCompile>
    <ClCompile Include="src\SDK\spine\SkeletonData.c">
      <Filter>Source Files\SDK\spine</Filter>
    </ClCompile>
    <ClCompile Include="src\SDK\spine\SkeletonJson.c">
      <Filter>Source Files\SDK\spine</Filter>
    </ClCompile>
    <ClCompile Include="src\SDK\spine\Skin.c">
      <Filter>Source Files\SDK\spine</Filter>
    </ClCompile>
    <ClCompile Include="src\SDK\spine\SkinnedMeshAttachment.c">
      <Filter>Source Files\SDK\spine</Filter>
    </ClCompile>
    <ClCompile Include="src\SDK\spine\Slot.c">
      <Filter>Source Files\SDK\spine</Filter>
    </ClCompile>
    <ClCompile Include="src\SDK\spine\SlotData.c">
      <Filter>Source Files\SDK\spine</Filter>
    </ClCompile>
    <ClCompile Include="src\SDK\spine\sfml\spine-sfml.cpp">
      <Filter>Source Files\SDK\spine\sfml</Filter>
    </ClCompile>
    <ClCompile Include="src\GESpineSprite.cpp">
      <Filter>Source Files\GameEngine</Filter>
    </ClCompile>
    <ClCompile Include="src\main.cpp">
      <Filter>Source Files</Filter>
    </ClCompile>
  </ItemGroup>
</Project>